
Microsoft Visual Studio Solution File, Format Version 12.00
# Visual Studio 15
Project("{FAE04EC0-301F-11D3-BF4B-00C04F79EFBC}") = "Assembly-CSharp", "Assembly-CSharp.csproj", "{A77F78F0-C075-B019-137C-B7A00D44D793}"
EndProject
Project("{FAE04EC0-301F-11D3-BF4B-00C04F79EFBC}") = "AstarPathfindingProject", "AstarPathfindingProject.csproj", "{533D3ADF-826B-A618-0CDA-761F20251FF2}"
EndProject
Project("{FAE04EC0-301F-11D3-BF4B-00C04F79EFBC}") = "AstarPathfindingProjectEditor", "AstarPathfindingProjectEditor.csproj", "{81968BF7-67FB-1F9D-95F7-D98D41F3DFF3}"
EndProject
Project("{FAE04EC0-301F-11D3-BF4B-00C04F79EFBC}") = "PackageToolsEditor", "PackageToolsEditor.csproj", "{9AA2C782-D923-2C20-9634-21CF0B77753D}"
EndProject
Global
	GlobalSection(SolutionConfigurationPlatforms) = preSolution
		Debug|Any CPU = Debug|Any CPU
		Release|Any CPU = Release|Any CPU
	EndGlobalSection
	GlobalSection(ProjectConfigurationPlatforms) = postSolution
		{A77F78F0-C075-B019-137C-B7A00D44D793}.Debug|Any CPU.ActiveCfg = Debug|Any CPU
		{A77F78F0-C075-B019-137C-B7A00D44D793}.Debug|Any CPU.Build.0 = Debug|Any CPU
		{A77F78F0-C075-B019-137C-B7A00D44D793}.Release|Any CPU.ActiveCfg = Release|Any CPU
		{A77F78F0-C075-B019-137C-B7A00D44D793}.Release|Any CPU.Build.0 = Release|Any CPU
		{533D3ADF-826B-A618-0CDA-761F20251FF2}.Debug|Any CPU.ActiveCfg = Debug|Any CPU
		{533D3ADF-826B-A618-0CDA-761F20251FF2}.Debug|Any CPU.Build.0 = Debug|Any CPU
		{533D3ADF-826B-A618-0CDA-761F20251FF2}.Release|Any CPU.ActiveCfg = Release|Any CPU
		{533D3ADF-826B-A618-0CDA-761F20251FF2}.Release|Any CPU.Build.0 = Release|Any CPU
		{81968BF7-67FB-1F9D-95F7-D98D41F3DFF3}.Debug|Any CPU.ActiveCfg = Debug|Any CPU
		{81968BF7-67FB-1F9D-95F7-D98D41F3DFF3}.Debug|Any CPU.Build.0 = Debug|Any CPU
		{81968BF7-67FB-1F9D-95F7-D98D41F3DFF3}.Release|Any CPU.ActiveCfg = Release|Any CPU
		{81968BF7-67FB-1F9D-95F7-D98D41F3DFF3}.Release|Any CPU.Build.0 = Release|Any CPU
		{9AA2C782-D923-2C20-9634-21CF0B77753D}.Debug|Any CPU.ActiveCfg = Debug|Any CPU
		{9AA2C782-D923-2C20-9634-21CF0B77753D}.Debug|Any CPU.Build.0 = Debug|Any CPU
		{9AA2C782-D923-2C20-9634-21CF0B77753D}.Release|Any CPU.ActiveCfg = Release|Any CPU
		{9AA2C782-D923-2C20-9634-21CF0B77753D}.Release|Any CPU.Build.0 = Release|Any CPU
	EndGlobalSection
	GlobalSection(SolutionProperties) = preSolution
		HideSolutionNode = FALSE
	EndGlobalSection
EndGlobal
